
Microsoft Visual Studio Solution File, Format Version 12.00
# Visual Studio Version 16
VisualStudioVersion = 16.0.30413.136
MinimumVisualStudioVersion = 10.0.40219.1
Project("{FAE04EC0-301F-11D3-BF4B-00C04F79EFBC}") = "Sali3", "Sali3\Sali3.csproj", "{00D10837-BAA2-4561-BA0E-FC1B36FFA71B}"
EndProject
Global
	GlobalSection(SolutionConfigurationPlatforms) = preSolution
		Debug|Any CPU = Debug|Any CPU
		Release|Any CPU = Release|Any CPU
	EndGlobalSection
	GlobalSection(ProjectConfigurationPlatforms) = postSolution
		{00D10837-BAA2-4561-BA0E-FC1B36FFA71B}.Debug|Any CPU.ActiveCfg = Debug|Any CPU
		{00D10837-BAA2-4561-BA0E-FC1B36FFA71B}.Debug|Any CPU.Build.0 = Debug|Any CPU
		{00D10837-BAA2-4561-BA0E-FC1B36FFA71B}.Release|Any CPU.ActiveCfg = Release|Any CPU
		{00D10837-BAA2-4561-BA0E-FC1B36FFA71B}.Release|Any CPU.Build.0 = Release|Any CPU
	EndGlobalSection
	GlobalSection(SolutionProperties) = preSolution
		HideSolutionNode = FALSE
	EndGlobalSection
	GlobalSection(ExtensibilityGlobals) = postSolution
		SolutionGuid = {544713E7-7CB0-4A35-BE73-FFC77D018CE1}
	EndGlobalSection
EndGlobal
